
Microsoft Visual Studio Solution File, Format Version 12.00
# Visual Studio 15
VisualStudioVersion = 15.0.28010.2016
MinimumVisualStudioVersion = 10.0.40219.1
Project("{FAE04EC0-301F-11D3-BF4B-00C04F79EFBC}") = "GUI1", "GUI1\GUI1.csproj", "{FB55A7FF-0F30-4ED1-8C83-28470A7D5C67}"
EndProject
Global
	GlobalSection(SolutionConfigurationPlatforms) = preSolution
		Debug|Any CPU = Debug|Any CPU
		Release|Any CPU = Release|Any CPU
	EndGlobalSection
	GlobalSection(ProjectConfigurationPlatforms) = postSolution
		{FB55A7FF-0F30-4ED1-8C83-28470A7D5C67}.Debug|Any CPU.ActiveCfg = Debug|Any CPU
		{FB55A7FF-0F30-4ED1-8C83-28470A7D5C67}.Debug|Any CPU.Build.0 = Debug|Any CPU
		{FB55A7FF-0F30-4ED1-8C83-28470A7D5C67}.Release|Any CPU.ActiveCfg = Release|Any CPU
		{FB55A7FF-0F30-4ED1-8C83-28470A7D5C67}.Release|Any CPU.Build.0 = Release|Any CPU
	EndGlobalSection
	GlobalSection(SolutionProperties) = preSolution
		HideSolutionNode = FALSE
	EndGlobalSection
	GlobalSection(ExtensibilityGlobals) = postSolution
		SolutionGuid = {043EC53B-4493-4EBC-BED1-3A92FE1B4795}
	EndGlobalSection
EndGlobal
